// !$*UTF8*$!
{
	archiveVersion = 1;
	classes = {
	};
	objectVersion = 56;
	objects = {

/* Begin PBXBuildFile section */
		843A9E3B2A38D79400BA954F /* OverviewNavBar.swift in Sources */ = {isa = PBXBuildFile; fileRef = 843A9E3A2A38D79400BA954F /* OverviewNavBar.swift */; };
		843A9E3D2A38D7F100BA954F /* BaseView.swift in Sources */ = {isa = PBXBuildFile; fileRef = 843A9E3C2A38D7F100BA954F /* BaseView.swift */; };
		843A9E402A39C20200BA954F /* WeekView.swift in Sources */ = {isa = PBXBuildFile; fileRef = 843A9E3F2A39C20200BA954F /* WeekView.swift */; };
		843A9E422A39C53400BA954F /* WeekDayView.swift in Sources */ = {isa = PBXBuildFile; fileRef = 843A9E412A39C53400BA954F /* WeekDayView.swift */; };
		843A9E442A39D52A00BA954F /* Date+Ext.swift in Sources */ = {isa = PBXBuildFile; fileRef = 843A9E432A39D52A00BA954F /* Date+Ext.swift */; };
		844B70FF2A37459200D31E38 /* NavBarController.swift in Sources */ = {isa = PBXBuildFile; fileRef = 844B70FE2A37459200D31E38 /* NavBarController.swift */; };
		844B71012A375B6F00D31E38 /* BaseController.swift in Sources */ = {isa = PBXBuildFile; fileRef = 844B71002A375B6F00D31E38 /* BaseController.swift */; };
		844B71032A37619700D31E38 /* UIView+Ext.swift in Sources */ = {isa = PBXBuildFile; fileRef = 844B71022A37619700D31E38 /* UIView+Ext.swift */; };
		844B710B2A37ACE800D31E38 /* SessionController.swift in Sources */ = {isa = PBXBuildFile; fileRef = 844B710A2A37ACE800D31E38 /* SessionController.swift */; };
		844B710D2A37ACF900D31E38 /* SettingsController.swift in Sources */ = {isa = PBXBuildFile; fileRef = 844B710C2A37ACF900D31E38 /* SettingsController.swift */; };
		844B710F2A37AD0900D31E38 /* ProgressController.swift in Sources */ = {isa = PBXBuildFile; fileRef = 844B710E2A37AD0900D31E38 /* ProgressController.swift */; };
		844B71122A37BB7400D31E38 /* SecondaryButton.swift in Sources */ = {isa = PBXBuildFile; fileRef = 844B71112A37BB7400D31E38 /* SecondaryButton.swift */; };
		844D70F42A367C52005CF814 /* AppDelegate.swift in Sources */ = {isa = PBXBuildFile; fileRef = 844D70F32A367C52005CF814 /* AppDelegate.swift */; };
		844D70F62A367C52005CF814 /* SceneDelegate.swift in Sources */ = {isa = PBXBuildFile; fileRef = 844D70F52A367C52005CF814 /* SceneDelegate.swift */; };
		844D70F82A367C52005CF814 /* OverviewController.swift in Sources */ = {isa = PBXBuildFile; fileRef = 844D70F72A367C52005CF814 /* OverviewController.swift */; };
		844D70FD2A367C53005CF814 /* Assets.xcassets in Resources */ = {isa = PBXBuildFile; fileRef = 844D70FC2A367C53005CF814 /* Assets.xcassets */; };
		844D71002A367C53005CF814 /* LaunchScreen.storyboard in Resources */ = {isa = PBXBuildFile; fileRef = 844D70FE2A367C53005CF814 /* LaunchScreen.storyboard */; };
		844D71092A36818B005CF814 /* TabBarController.swift in Sources */ = {isa = PBXBuildFile; fileRef = 844D71082A36818B005CF814 /* TabBarController.swift */; };
		844D710D2A3696D3005CF814 /* Resourses.swift in Sources */ = {isa = PBXBuildFile; fileRef = 844D710C2A3696D3005CF814 /* Resourses.swift */; };
		8463DAFD2A52BF6A00FAA35E /* PercentView.swift in Sources */ = {isa = PBXBuildFile; fileRef = 8463DAFC2A52BF6A00FAA35E /* PercentView.swift */; };
		848C3CBD2A3B275A003DEF82 /* BaseInfoView.swift in Sources */ = {isa = PBXBuildFile; fileRef = 848C3CBC2A3B275A003DEF82 /* BaseInfoView.swift */; };
		849687452A5618D3005BF4DE /* StepsView.swift in Sources */ = {isa = PBXBuildFile; fileRef = 849687442A5618D3005BF4DE /* StepsView.swift */; };
		849687472A561A26005BF4DE /* BarsView.swift in Sources */ = {isa = PBXBuildFile; fileRef = 849687462A561A26005BF4DE /* BarsView.swift */; };
		849687492A561A42005BF4DE /* BarView.swift in Sources */ = {isa = PBXBuildFile; fileRef = 849687482A561A42005BF4DE /* BarView.swift */; };
		84A511E32A4AE77000F1EE8B /* TimerView.swift in Sources */ = {isa = PBXBuildFile; fileRef = 84A511E22A4AE77000F1EE8B /* TimerView.swift */; };
		84A511E62A4AE99300F1EE8B /* ProgressView.swift in Sources */ = {isa = PBXBuildFile; fileRef = 84A511E52A4AE99300F1EE8B /* ProgressView.swift */; };
		84D8991D2A54BD720024494B /* StatsView.swift in Sources */ = {isa = PBXBuildFile; fileRef = 84D8991C2A54BD720024494B /* StatsView.swift */; };
		84D8991F2A54BE040024494B /* StatsItemView.swift in Sources */ = {isa = PBXBuildFile; fileRef = 84D8991E2A54BE040024494B /* StatsItemView.swift */; };
/* End PBXBuildFile section */

/* Begin PBXFileReference section */
		843A9E3A2A38D79400BA954F /* OverviewNavBar.swift */ = {isa = PBXFileReference; lastKnownFileType = sourcecode.swift; path = OverviewNavBar.swift; sourceTree = "<group>"; };
		843A9E3C2A38D7F100BA954F /* BaseView.swift */ = {isa = PBXFileReference; lastKnownFileType = sourcecode.swift; path = BaseView.swift; sourceTree = "<group>"; };
		843A9E3F2A39C20200BA954F /* WeekView.swift */ = {isa = PBXFileReference; lastKnownFileType = sourcecode.swift; path = WeekView.swift; sourceTree = "<group>"; };
		843A9E412A39C53400BA954F /* WeekDayView.swift */ = {isa = PBXFileReference; lastKnownFileType = sourcecode.swift; path = WeekDayView.swift; sourceTree = "<group>"; };
		843A9E432A39D52A00BA954F /* Date+Ext.swift */ = {isa = PBXFileReference; lastKnownFileType = sourcecode.swift; path = "Date+Ext.swift"; sourceTree = "<group>"; };
		844B70FE2A37459200D31E38 /* NavBarController.swift */ = {isa = PBXFileReference; lastKnownFileType = sourcecode.swift; path = NavBarController.swift; sourceTree = "<group>"; };
		844B71002A375B6F00D31E38 /* BaseController.swift */ = {isa = PBXFileReference; lastKnownFileType = sourcecode.swift; path = BaseController.swift; sourceTree = "<group>"; };
		844B71022A37619700D31E38 /* UIView+Ext.swift */ = {isa = PBXFileReference; lastKnownFileType = sourcecode.swift; path = "UIView+Ext.swift"; sourceTree = "<group>"; };
		844B710A2A37ACE800D31E38 /* SessionController.swift */ = {isa = PBXFileReference; lastKnownFileType = sourcecode.swift; path = SessionController.swift; sourceTree = "<group>"; };
		844B710C2A37ACF900D31E38 /* SettingsController.swift */ = {isa = PBXFileReference; lastKnownFileType = sourcecode.swift; path = SettingsController.swift; sourceTree = "<group>"; };
		844B710E2A37AD0900D31E38 /* ProgressController.swift */ = {isa = PBXFileReference; lastKnownFileType = sourcecode.swift; path = ProgressController.swift; sourceTree = "<group>"; };
		844B71112A37BB7400D31E38 /* SecondaryButton.swift */ = {isa = PBXFileReference; lastKnownFileType = sourcecode.swift; path = SecondaryButton.swift; sourceTree = "<group>"; };
		844D70F02A367C52005CF814 /* WorkoutApp.app */ = {isa = PBXFileReference; explicitFileType = wrapper.application; includeInIndex = 0; path = WorkoutApp.app; sourceTree = BUILT_PRODUCTS_DIR; };
		844D70F32A367C52005CF814 /* AppDelegate.swift */ = {isa = PBXFileReference; lastKnownFileType = sourcecode.swift; path = AppDelegate.swift; sourceTree = "<group>"; };
		844D70F52A367C52005CF814 /* SceneDelegate.swift */ = {isa = PBXFileReference; lastKnownFileType = sourcecode.swift; path = SceneDelegate.swift; sourceTree = "<group>"; };
		844D70F72A367C52005CF814 /* OverviewController.swift */ = {isa = PBXFileReference; lastKnownFileType = sourcecode.swift; path = OverviewController.swift; sourceTree = "<group>"; };
		844D70FC2A367C53005CF814 /* Assets.xcassets */ = {isa = PBXFileReference; lastKnownFileType = folder.assetcatalog; path = Assets.xcassets; sourceTree = "<group>"; };
		844D70FF2A367C53005CF814 /* Base */ = {isa = PBXFileReference; lastKnownFileType = file.storyboard; name = Base; path = Base.lproj/LaunchScreen.storyboard; sourceTree = "<group>"; };
		844D71012A367C53005CF814 /* Info.plist */ = {isa = PBXFileReference; lastKnownFileType = text.plist.xml; path = Info.plist; sourceTree = "<group>"; };
		844D71082A36818B005CF814 /* TabBarController.swift */ = {isa = PBXFileReference; lastKnownFileType = sourcecode.swift; path = TabBarController.swift; sourceTree = "<group>"; };
		844D710C2A3696D3005CF814 /* Resourses.swift */ = {isa = PBXFileReference; lastKnownFileType = sourcecode.swift; path = Resourses.swift; sourceTree = "<group>"; };
		8463DAFC2A52BF6A00FAA35E /* PercentView.swift */ = {isa = PBXFileReference; lastKnownFileType = sourcecode.swift; path = PercentView.swift; sourceTree = "<group>"; };
		848C3CBC2A3B275A003DEF82 /* BaseInfoView.swift */ = {isa = PBXFileReference; lastKnownFileType = sourcecode.swift; path = BaseInfoView.swift; sourceTree = "<group>"; };
		849687442A5618D3005BF4DE /* StepsView.swift */ = {isa = PBXFileReference; lastKnownFileType = sourcecode.swift; path = StepsView.swift; sourceTree = "<group>"; };
		849687462A561A26005BF4DE /* BarsView.swift */ = {isa = PBXFileReference; lastKnownFileType = sourcecode.swift; path = BarsView.swift; sourceTree = "<group>"; };
		849687482A561A42005BF4DE /* BarView.swift */ = {isa = PBXFileReference; lastKnownFileType = sourcecode.swift; path = BarView.swift; sourceTree = "<group>"; };
		84A511E22A4AE77000F1EE8B /* TimerView.swift */ = {isa = PBXFileReference; lastKnownFileType = sourcecode.swift; path = TimerView.swift; sourceTree = "<group>"; };
		84A511E52A4AE99300F1EE8B /* ProgressView.swift */ = {isa = PBXFileReference; lastKnownFileType = sourcecode.swift; path = ProgressView.swift; sourceTree = "<group>"; };
		84D8991C2A54BD720024494B /* StatsView.swift */ = {isa = PBXFileReference; lastKnownFileType = sourcecode.swift; path = StatsView.swift; sourceTree = "<group>"; };
		84D8991E2A54BE040024494B /* StatsItemView.swift */ = {isa = PBXFileReference; lastKnownFileType = sourcecode.swift; path = StatsItemView.swift; sourceTree = "<group>"; };
/* End PBXFileReference section */

/* Begin PBXFrameworksBuildPhase section */
		844D70ED2A367C52005CF814 /* Frameworks */ = {
			isa = PBXFrameworksBuildPhase;
			buildActionMask = 2147483647;
			files = (
			);
			runOnlyForDeploymentPostprocessing = 0;
		};
/* End PBXFrameworksBuildPhase section */

/* Begin PBXGroup section */
		843A9E3E2A39C1ED00BA954F /* WeekView */ = {
			isa = PBXGroup;
			children = (
				843A9E3F2A39C20200BA954F /* WeekView.swift */,
				843A9E412A39C53400BA954F /* WeekDayView.swift */,
			);
			path = WeekView;
			sourceTree = "<group>";
		};
		844B71042A37AC3B00D31E38 /* Controller */ = {
			isa = PBXGroup;
			children = (
				844B71092A37ACCF00D31E38 /* Progress */,
				844B71082A37ACC300D31E38 /* Settings */,
				844B71072A37ACBA00D31E38 /* Session */,
				844B71062A37ACAE00D31E38 /* Overview */,
				844B71052A37AC9000D31E38 /* Base */,
			);
			path = Controller;
			sourceTree = "<group>";
		};
		844B71052A37AC9000D31E38 /* Base */ = {
			isa = PBXGroup;
			children = (
				844D71082A36818B005CF814 /* TabBarController.swift */,
				844B70FE2A37459200D31E38 /* NavBarController.swift */,
				844B71002A375B6F00D31E38 /* BaseController.swift */,
				843A9E3C2A38D7F100BA954F /* BaseView.swift */,
				848C3CBC2A3B275A003DEF82 /* BaseInfoView.swift */,
				844B71112A37BB7400D31E38 /* SecondaryButton.swift */,
				849687462A561A26005BF4DE /* BarsView.swift */,
				849687482A561A42005BF4DE /* BarView.swift */,
			);
			path = Base;
			sourceTree = "<group>";
		};
		844B71062A37ACAE00D31E38 /* Overview */ = {
			isa = PBXGroup;
			children = (
				844B71102A37BB5200D31E38 /* Views */,
				844D70F72A367C52005CF814 /* OverviewController.swift */,
			);
			path = Overview;
			sourceTree = "<group>";
		};
		844B71072A37ACBA00D31E38 /* Session */ = {
			isa = PBXGroup;
			children = (
				844B710A2A37ACE800D31E38 /* SessionController.swift */,
				84A511E12A4AE73A00F1EE8B /* Views */,
			);
			path = Session;
			sourceTree = "<group>";
		};
		844B71082A37ACC300D31E38 /* Settings */ = {
			isa = PBXGroup;
			children = (
				844B710C2A37ACF900D31E38 /* SettingsController.swift */,
			);
			path = Settings;
			sourceTree = "<group>";
		};
		844B71092A37ACCF00D31E38 /* Progress */ = {
			isa = PBXGroup;
			children = (
				844B710E2A37AD0900D31E38 /* ProgressController.swift */,
			);
			path = Progress;
			sourceTree = "<group>";
		};
		844B71102A37BB5200D31E38 /* Views */ = {
			isa = PBXGroup;
			children = (
				843A9E3E2A39C1ED00BA954F /* WeekView */,
				843A9E3A2A38D79400BA954F /* OverviewNavBar.swift */,
			);
			path = Views;
			sourceTree = "<group>";
		};
		844D70E72A367C52005CF814 = {
			isa = PBXGroup;
			children = (
				844D70F22A367C52005CF814 /* WorkoutApp */,
				844D70F12A367C52005CF814 /* Products */,
			);
			sourceTree = "<group>";
		};
		844D70F12A367C52005CF814 /* Products */ = {
			isa = PBXGroup;
			children = (
				844D70F02A367C52005CF814 /* WorkoutApp.app */,
			);
			name = Products;
			sourceTree = "<group>";
		};
		844D70F22A367C52005CF814 /* WorkoutApp */ = {
			isa = PBXGroup;
			children = (
				844D71072A367D74005CF814 /* Application */,
				844D710A2A3696AC005CF814 /* Helpers */,
				844B71042A37AC3B00D31E38 /* Controller */,
				844D70FC2A367C53005CF814 /* Assets.xcassets */,
				844D70FE2A367C53005CF814 /* LaunchScreen.storyboard */,
				844D71012A367C53005CF814 /* Info.plist */,
			);
			path = WorkoutApp;
			sourceTree = "<group>";
		};
		844D71072A367D74005CF814 /* Application */ = {
			isa = PBXGroup;
			children = (
				844D70F32A367C52005CF814 /* AppDelegate.swift */,
				844D70F52A367C52005CF814 /* SceneDelegate.swift */,
			);
			path = Application;
			sourceTree = "<group>";
		};
		844D710A2A3696AC005CF814 /* Helpers */ = {
			isa = PBXGroup;
			children = (
				844D710B2A3696B5005CF814 /* Extensions */,
			);
			path = Helpers;
			sourceTree = "<group>";
		};
		844D710B2A3696B5005CF814 /* Extensions */ = {
			isa = PBXGroup;
			children = (
				844D710C2A3696D3005CF814 /* Resourses.swift */,
				844B71022A37619700D31E38 /* UIView+Ext.swift */,
				843A9E432A39D52A00BA954F /* Date+Ext.swift */,
			);
			path = Extensions;
			sourceTree = "<group>";
		};
		849687432A56189C005BF4DE /* Steps */ = {
			isa = PBXGroup;
			children = (
				849687442A5618D3005BF4DE /* StepsView.swift */,
			);
			path = Steps;
			sourceTree = "<group>";
		};
		84A511E12A4AE73A00F1EE8B /* Views */ = {
			isa = PBXGroup;
			children = (
				84A511E42A4AE97600F1EE8B /* Timer */,
				84D8991B2A54BD550024494B /* Stats */,
				849687432A56189C005BF4DE /* Steps */,
			);
			path = Views;
			sourceTree = "<group>";
		};
		84A511E42A4AE97600F1EE8B /* Timer */ = {
			isa = PBXGroup;
			children = (
				84A511E22A4AE77000F1EE8B /* TimerView.swift */,
				8463DAFC2A52BF6A00FAA35E /* PercentView.swift */,
				84A511E52A4AE99300F1EE8B /* ProgressView.swift */,
			);
			path = Timer;
			sourceTree = "<group>";
		};
		84D8991B2A54BD550024494B /* Stats */ = {
			isa = PBXGroup;
			children = (
				84D8991C2A54BD720024494B /* StatsView.swift */,
				84D8991E2A54BE040024494B /* StatsItemView.swift */,
			);
			path = Stats;
			sourceTree = "<group>";
		};
/* End PBXGroup section */

/* Begin PBXNativeTarget section */
		844D70EF2A367C52005CF814 /* WorkoutApp */ = {
			isa = PBXNativeTarget;
			buildConfigurationList = 844D71042A367C53005CF814 /* Build configuration list for PBXNativeTarget "WorkoutApp" */;
			buildPhases = (
				844D70EC2A367C52005CF814 /* Sources */,
				844D70ED2A367C52005CF814 /* Frameworks */,
				844D70EE2A367C52005CF814 /* Resources */,
			);
			buildRules = (
			);
			dependencies = (
			);
			name = WorkoutApp;
			productName = WorkoutApp;
			productReference = 844D70F02A367C52005CF814 /* WorkoutApp.app */;
			productType = "com.apple.product-type.application";
		};
/* End PBXNativeTarget section */

/* Begin PBXProject section */
		844D70E82A367C52005CF814 /* Project object */ = {
			isa = PBXProject;
			attributes = {
				BuildIndependentTargetsInParallel = 1;
				LastSwiftUpdateCheck = 1430;
				LastUpgradeCheck = 1430;
				TargetAttributes = {
					844D70EF2A367C52005CF814 = {
						CreatedOnToolsVersion = 14.3;
					};
				};
			};
			buildConfigurationList = 844D70EB2A367C52005CF814 /* Build configuration list for PBXProject "WorkoutApp" */;
			compatibilityVersion = "Xcode 14.0";
			developmentRegion = en;
			hasScannedForEncodings = 0;
			knownRegions = (
				en,
				Base,
			);
			mainGroup = 844D70E72A367C52005CF814;
			productRefGroup = 844D70F12A367C52005CF814 /* Products */;
			projectDirPath = "";
			projectRoot = "";
			targets = (
				844D70EF2A367C52005CF814 /* WorkoutApp */,
			);
		};
/* End PBXProject section */

/* Begin PBXResourcesBuildPhase section */
		844D70EE2A367C52005CF814 /* Resources */ = {
			isa = PBXResourcesBuildPhase;
			buildActionMask = 2147483647;
			files = (
				844D71002A367C53005CF814 /* LaunchScreen.storyboard in Resources */,
				844D70FD2A367C53005CF814 /* Assets.xcassets in Resources */,
			);
			runOnlyForDeploymentPostprocessing = 0;
		};
/* End PBXResourcesBuildPhase section */

/* Begin PBXSourcesBuildPhase section */
		844D70EC2A367C52005CF814 /* Sources */ = {
			isa = PBXSourcesBuildPhase;
			buildActionMask = 2147483647;
			files = (
				84D8991D2A54BD720024494B /* StatsView.swift in Sources */,
				844B71122A37BB7400D31E38 /* SecondaryButton.swift in Sources */,
				848C3CBD2A3B275A003DEF82 /* BaseInfoView.swift in Sources */,
				843A9E422A39C53400BA954F /* WeekDayView.swift in Sources */,
				843A9E442A39D52A00BA954F /* Date+Ext.swift in Sources */,
				844B71032A37619700D31E38 /* UIView+Ext.swift in Sources */,
				849687472A561A26005BF4DE /* BarsView.swift in Sources */,
				844B710B2A37ACE800D31E38 /* SessionController.swift in Sources */,
				844D70F82A367C52005CF814 /* OverviewController.swift in Sources */,
				843A9E3B2A38D79400BA954F /* OverviewNavBar.swift in Sources */,
				844B70FF2A37459200D31E38 /* NavBarController.swift in Sources */,
				843A9E402A39C20200BA954F /* WeekView.swift in Sources */,
				84A511E32A4AE77000F1EE8B /* TimerView.swift in Sources */,
				84D8991F2A54BE040024494B /* StatsItemView.swift in Sources */,
				8463DAFD2A52BF6A00FAA35E /* PercentView.swift in Sources */,
				844B71012A375B6F00D31E38 /* BaseController.swift in Sources */,
				844B710F2A37AD0900D31E38 /* ProgressController.swift in Sources */,
				844D71092A36818B005CF814 /* TabBarController.swift in Sources */,
				849687492A561A42005BF4DE /* BarView.swift in Sources */,
				844B710D2A37ACF900D31E38 /* SettingsController.swift in Sources */,
				844D70F42A367C52005CF814 /* AppDelegate.swift in Sources */,
				843A9E3D2A38D7F100BA954F /* BaseView.swift in Sources */,
				849687452A5618D3005BF4DE /* StepsView.swift in Sources */,
				84A511E62A4AE99300F1EE8B /* ProgressView.swift in Sources */,
				844D710D2A3696D3005CF814 /* Resourses.swift in Sources */,
				844D70F62A367C52005CF814 /* SceneDelegate.swift in Sources */,
			);
			runOnlyForDeploymentPostprocessing = 0;
		};
/* End PBXSourcesBuildPhase section */

/* Begin PBXVariantGroup section */
		844D70FE2A367C53005CF814 /* LaunchScreen.storyboard */ = {
			isa = PBXVariantGroup;
			children = (
				844D70FF2A367C53005CF814 /* Base */,
			);
			name = LaunchScreen.storyboard;
			sourceTree = "<group>";
		};
/* End PBXVariantGroup section */

/* Begin XCBuildConfiguration section */
		844D71022A367C53005CF814 /* Debug */ = {
			isa = XCBuildConfiguration;
			buildSettings = {
				ALWAYS_SEARCH_USER_PATHS = NO;
				CLANG_ANALYZER_NONNULL = YES;
				CLANG_ANALYZER_NUMBER_OBJECT_CONVERSION = YES_AGGRESSIVE;
				CLANG_CXX_LANGUAGE_STANDARD = "gnu++20";
				CLANG_ENABLE_MODULES = YES;
				CLANG_ENABLE_OBJC_ARC = YES;
				CLANG_ENABLE_OBJC_WEAK = YES;
				CLANG_WARN_BLOCK_CAPTURE_AUTORELEASING = YES;
				CLANG_WARN_BOOL_CONVERSION = YES;
				CLANG_WARN_COMMA = YES;
				CLANG_WARN_CONSTANT_CONVERSION = YES;
				CLANG_WARN_DEPRECATED_OBJC_IMPLEMENTATIONS = YES;
				CLANG_WARN_DIRECT_OBJC_ISA_USAGE = YES_ERROR;
				CLANG_WARN_DOCUMENTATION_COMMENTS = YES;
				CLANG_WARN_EMPTY_BODY = YES;
				CLANG_WARN_ENUM_CONVERSION = YES;
				CLANG_WARN_INFINITE_RECURSION = YES;
				CLANG_WARN_INT_CONVERSION = YES;
				CLANG_WARN_NON_LITERAL_NULL_CONVERSION = YES;
				CLANG_WARN_OBJC_IMPLICIT_RETAIN_SELF = YES;
				CLANG_WARN_OBJC_LITERAL_CONVERSION = YES;
				CLANG_WARN_OBJC_ROOT_CLASS = YES_ERROR;
				CLANG_WARN_QUOTED_INCLUDE_IN_FRAMEWORK_HEADER = YES;
				CLANG_WARN_RANGE_LOOP_ANALYSIS = YES;
				CLANG_WARN_STRICT_PROTOTYPES = YES;
				CLANG_WARN_SUSPICIOUS_MOVE = YES;
				CLANG_WARN_UNGUARDED_AVAILABILITY = YES_AGGRESSIVE;
				CLANG_WARN_UNREACHABLE_CODE = YES;
				CLANG_WARN__DUPLICATE_METHOD_MATCH = YES;
				COPY_PHASE_STRIP = NO;
				DEBUG_INFORMATION_FORMAT = dwarf;
				ENABLE_STRICT_OBJC_MSGSEND = YES;
				ENABLE_TESTABILITY = YES;
				GCC_C_LANGUAGE_STANDARD = gnu11;
				GCC_DYNAMIC_NO_PIC = NO;
				GCC_NO_COMMON_BLOCKS = YES;
				GCC_OPTIMIZATION_LEVEL = 0;
				GCC_PREPROCESSOR_DEFINITIONS = (
					"DEBUG=1",
					"$(inherited)",
				);
				GCC_WARN_64_TO_32_BIT_CONVERSION = YES;
				GCC_WARN_ABOUT_RETURN_TYPE = YES_ERROR;
				GCC_WARN_UNDECLARED_SELECTOR = YES;
				GCC_WARN_UNINITIALIZED_AUTOS = YES_AGGRESSIVE;
				GCC_WARN_UNUSED_FUNCTION = YES;
				GCC_WARN_UNUSED_VARIABLE = YES;
				IPHONEOS_DEPLOYMENT_TARGET = 16.4;
				MTL_ENABLE_DEBUG_INFO = INCLUDE_SOURCE;
				MTL_FAST_MATH = YES;
				ONLY_ACTIVE_ARCH = YES;
				SDKROOT = iphoneos;
				SWIFT_ACTIVE_COMPILATION_CONDITIONS = DEBUG;
				SWIFT_OPTIMIZATION_LEVEL = "-Onone";
			};
			name = Debug;
		};
		844D71032A367C53005CF814 /* Release */ = {
			isa = XCBuildConfiguration;
			buildSettings = {
				ALWAYS_SEARCH_USER_PATHS = NO;
				CLANG_ANALYZER_NONNULL = YES;
				CLANG_ANALYZER_NUMBER_OBJECT_CONVERSION = YES_AGGRESSIVE;
				CLANG_CXX_LANGUAGE_STANDARD = "gnu++20";
				CLANG_ENABLE_MODULES = YES;
				CLANG_ENABLE_OBJC_ARC = YES;
				CLANG_ENABLE_OBJC_WEAK = YES;
				CLANG_WARN_BLOCK_CAPTURE_AUTORELEASING = YES;
				CLANG_WARN_BOOL_CONVERSION = YES;
				CLANG_WARN_COMMA = YES;
				CLANG_WARN_CONSTANT_CONVERSION = YES;
				CLANG_WARN_DEPRECATED_OBJC_IMPLEMENTATIONS = YES;
				CLANG_WARN_DIRECT_OBJC_ISA_USAGE = YES_ERROR;
				CLANG_WARN_DOCUMENTATION_COMMENTS = YES;
				CLANG_WARN_EMPTY_BODY = YES;
				CLANG_WARN_ENUM_CONVERSION = YES;
				CLANG_WARN_INFINITE_RECURSION = YES;
				CLANG_WARN_INT_CONVERSION = YES;
				CLANG_WARN_NON_LITERAL_NULL_CONVERSION = YES;
				CLANG_WARN_OBJC_IMPLICIT_RETAIN_SELF = YES;
				CLANG_WARN_OBJC_LITERAL_CONVERSION = YES;
				CLANG_WARN_OBJC_ROOT_CLASS = YES_ERROR;
				CLANG_WARN_QUOTED_INCLUDE_IN_FRAMEWORK_HEADER = YES;
				CLANG_WARN_RANGE_LOOP_ANALYSIS = YES;
				CLANG_WARN_STRICT_PROTOTYPES = YES;
				CLANG_WARN_SUSPICIOUS_MOVE = YES;
				CLANG_WARN_UNGUARDED_AVAILABILITY = YES_AGGRESSIVE;
				CLANG_WARN_UNREACHABLE_CODE = YES;
				CLANG_WARN__DUPLICATE_METHOD_MATCH = YES;
				COPY_PHASE_STRIP = NO;
				DEBUG_INFORMATION_FORMAT = "dwarf-with-dsym";
				ENABLE_NS_ASSERTIONS = NO;
				ENABLE_STRICT_OBJC_MSGSEND = YES;
				GCC_C_LANGUAGE_STANDARD = gnu11;
				GCC_NO_COMMON_BLOCKS = YES;
				GCC_WARN_64_TO_32_BIT_CONVERSION = YES;
				GCC_WARN_ABOUT_RETURN_TYPE = YES_ERROR;
				GCC_WARN_UNDECLARED_SELECTOR = YES;
				GCC_WARN_UNINITIALIZED_AUTOS = YES_AGGRESSIVE;
				GCC_WARN_UNUSED_FUNCTION = YES;
				GCC_WARN_UNUSED_VARIABLE = YES;
				IPHONEOS_DEPLOYMENT_TARGET = 16.4;
				MTL_ENABLE_DEBUG_INFO = NO;
				MTL_FAST_MATH = YES;
				SDKROOT = iphoneos;
				SWIFT_COMPILATION_MODE = wholemodule;
				SWIFT_OPTIMIZATION_LEVEL = "-O";
				VALIDATE_PRODUCT = YES;
			};
			name = Release;
		};
		844D71052A367C53005CF814 /* Debug */ = {
			isa = XCBuildConfiguration;
			buildSettings = {
				ASSETCATALOG_COMPILER_APPICON_NAME = AppIcon;
				ASSETCATALOG_COMPILER_GLOBAL_ACCENT_COLOR_NAME = AccentColor;
				CODE_SIGN_STYLE = Automatic;
				CURRENT_PROJECT_VERSION = 1;
				GENERATE_INFOPLIST_FILE = YES;
				INFOPLIST_FILE = WorkoutApp/Info.plist;
				INFOPLIST_KEY_UIApplicationSupportsIndirectInputEvents = YES;
				INFOPLIST_KEY_UILaunchStoryboardName = LaunchScreen;
				INFOPLIST_KEY_UISupportedInterfaceOrientations = UIInterfaceOrientationPortrait;
				INFOPLIST_KEY_UISupportedInterfaceOrientations_iPad = "UIInterfaceOrientationLandscapeLeft UIInterfaceOrientationLandscapeRight UIInterfaceOrientationPortrait UIInterfaceOrientationPortraitUpsideDown";
				LD_RUNPATH_SEARCH_PATHS = (
					"$(inherited)",
					"@executable_path/Frameworks",
				);
				MARKETING_VERSION = 1.0;
				PRODUCT_BUNDLE_IDENTIFIER = com.ArinLi.WorkoutApp;
				PRODUCT_NAME = "$(TARGET_NAME)";
				SUPPORTED_PLATFORMS = "iphoneos iphonesimulator";
				SUPPORTS_MACCATALYST = NO;
				SUPPORTS_MAC_DESIGNED_FOR_IPHONE_IPAD = NO;
				SWIFT_EMIT_LOC_STRINGS = YES;
				SWIFT_VERSION = 5.0;
				TARGETED_DEVICE_FAMILY = 1;
			};
			name = Debug;
		};
		844D71062A367C53005CF814 /* Release */ = {
			isa = XCBuildConfiguration;
			buildSettings = {
				ASSETCATALOG_COMPILER_APPICON_NAME = AppIcon;
				ASSETCATALOG_COMPILER_GLOBAL_ACCENT_COLOR_NAME = AccentColor;
				CODE_SIGN_STYLE = Automatic;
				CURRENT_PROJECT_VERSION = 1;
				GENERATE_INFOPLIST_FILE = YES;
				INFOPLIST_FILE = WorkoutApp/Info.plist;
				INFOPLIST_KEY_UIApplicationSupportsIndirectInputEvents = YES;
				INFOPLIST_KEY_UILaunchStoryboardName = LaunchScreen;
				INFOPLIST_KEY_UISupportedInterfaceOrientations = UIInterfaceOrientationPortrait;
				INFOPLIST_KEY_UISupportedInterfaceOrientations_iPad = "UIInterfaceOrientationLandscapeLeft UIInterfaceOrientationLandscapeRight UIInterfaceOrientationPortrait UIInterfaceOrientationPortraitUpsideDown";
				LD_RUNPATH_SEARCH_PATHS = (
					"$(inherited)",
					"@executable_path/Frameworks",
				);
				MARKETING_VERSION = 1.0;
				PRODUCT_BUNDLE_IDENTIFIER = com.ArinLi.WorkoutApp;
				PRODUCT_NAME = "$(TARGET_NAME)";
				SUPPORTED_PLATFORMS = "iphoneos iphonesimulator";
				SUPPORTS_MACCATALYST = NO;
				SUPPORTS_MAC_DESIGNED_FOR_IPHONE_IPAD = NO;
				SWIFT_EMIT_LOC_STRINGS = YES;
				SWIFT_VERSION = 5.0;
				TARGETED_DEVICE_FAMILY = 1;
			};
			name = Release;
		};
/* End XCBuildConfiguration section */

/* Begin XCConfigurationList section */
		844D70EB2A367C52005CF814 /* Build configuration list for PBXProject "WorkoutApp" */ = {
			isa = XCConfigurationList;
			buildConfigurations = (
				844D71022A367C53005CF814 /* Debug */,
				844D71032A367C53005CF814 /* Release */,
			);
			defaultConfigurationIsVisible = 0;
			defaultConfigurationName = Release;
		};
		844D71042A367C53005CF814 /* Build configuration list for PBXNativeTarget "WorkoutApp" */ = {
			isa = XCConfigurationList;
			buildConfigurations = (
				844D71052A367C53005CF814 /* Debug */,
				844D71062A367C53005CF814 /* Release */,
			);
			defaultConfigurationIsVisible = 0;
			defaultConfigurationName = Release;
		};
/* End XCConfigurationList section */
	};
	rootObject = 844D70E82A367C52005CF814 /* Project object */;
}
